<?xml version="1.0" encoding="utf-8"?>
<Project ToolsVersion="4.0" xmlns="http://schemas.microsoft.com/developer/msbuild/2003">
  <ItemGroup>
    <Filter Include="Исходные файлы">
      <UniqueIdentifier>{4FC737F1-C7A5-4376-A066-2A32D752A2FF}</UniqueIdentifier>
      <Extensions>cpp;c;cc;cxx;c++;cppm;ixx;def;odl;idl;hpj;bat;asm;asmx</Extensions>
    </Filter>
    <Filter Include="Файлы заголовков">
      <UniqueIdentifier>{93995380-89BD-4b04-88EB-625FBE52EBFB}</UniqueIdentifier>
      <Extensions>h;hh;hpp;hxx;h++;hm;inl;inc;ipp;xsd</Extensions>
    </Filter>
    <Filter Include="Файлы ресурсов">
      <UniqueIdentifier>{67DA6AB6-F800-4c08-8B7A-83BB121AAD01}</UniqueIdentifier>
      <Extensions>rc;ico;cur;bmp;dlg;rc2;rct;bin;rgs;gif;jpg;jpeg;jpe;resx;tiff;tif;png;wav;mfcribbon-ms</Extensions>
    </Filter>
  </ItemGroup>
  <ItemGroup>
    <ClInclude Include="script\.h">
      <Filter>Файлы заголовков</Filter>
    </ClInclude>
    <ClInclude Include="script\core\.h">
      <Filter>Файлы заголовков</Filter>
    </ClInclude>
    <ClInclude Include="script\core\type\.h">
      <Filter>Файлы заголовков</Filter>
    </ClInclude>
    <ClInclude Include="script\core\type\static\.h">
      <Filter>Файлы заголовков</Filter>
    </ClInclude>
    <ClInclude Include="script\core\type\static\int\.h">
      <Filter>Файлы заголовков</Filter>
    </ClInclude>
    <ClInclude Include="script\core\type\static\int\signed\i64.h">
      <Filter>Файлы заголовков</Filter>
    </ClInclude>
    <ClInclude Include="script\core\type\static\int\signed\i32.h">
      <Filter>Файлы заголовков</Filter>
    </ClInclude>
    <ClInclude Include="script\core\type\static\int\signed\i16.h">
      <Filter>Файлы заголовков</Filter>
    </ClInclude>
    <ClInclude Include="script\core\type\static\int\signed\i8.h">
      <Filter>Файлы заголовков</Filter>
    </ClInclude>
    <ClInclude Include="script\core\type\static\int\unsigned\u64.h">
      <Filter>Файлы заголовков</Filter>
    </ClInclude>
    <ClInclude Include="script\core\type\static\int\unsigned\u32.h">
      <Filter>Файлы заголовков</Filter>
    </ClInclude>
    <ClInclude Include="script\core\type\static\int\unsigned\u16.h">
      <Filter>Файлы заголовков</Filter>
    </ClInclude>
    <ClInclude Include="script\core\type\static\int\unsigned\u8.h">
      <Filter>Файлы заголовков</Filter>
    </ClInclude>
    <ClInclude Include="script\core\type\static\int\signed\.h">
      <Filter>Файлы заголовков</Filter>
    </ClInclude>
    <ClInclude Include="script\core\type\static\int\unsigned\.h">
      <Filter>Файлы заголовков</Filter>
    </ClInclude>
    <ClInclude Include="script\core\type\static\float\.h">
      <Filter>Файлы заголовков</Filter>
    </ClInclude>
    <ClInclude Include="script\core\type\static\float\f64.h">
      <Filter>Файлы заголовков</Filter>
    </ClInclude>
    <ClInclude Include="script\core\type\static\float\f32.h">
      <Filter>Файлы заголовков</Filter>
    </ClInclude>
    <ClInclude Include="script\core\type\static\char\.h">
      <Filter>Файлы заголовков</Filter>
    </ClInclude>
    <ClInclude Include="script\core\type\static\char\c8.h">
      <Filter>Файлы заголовков</Filter>
    </ClInclude>
    <ClInclude Include="script\core\type\static\char\c16.h">
      <Filter>Файлы заголовков</Filter>
    </ClInclude>
    <ClInclude Include="script\core\type\static\char\c32.h">
      <Filter>Файлы заголовков</Filter>
    </ClInclude>
    <ClInclude Include="script\math\.h">
      <Filter>Файлы заголовков</Filter>
    </ClInclude>
    <ClInclude Include="script\math\math.h">
      <Filter>Файлы заголовков</Filter>
    </ClInclude>
    <ClInclude Include="script\core\type\dynamic\.h">
      <Filter>Файлы заголовков</Filter>
    </ClInclude>
    <ClInclude Include="script\core\type\dynamic\array.h">
      <Filter>Файлы заголовков</Filter>
    </ClInclude>
    <ClInclude Include="script\core\type\dynamic\list\list.h">
      <Filter>Файлы заголовков</Filter>
    </ClInclude>
    <ClInclude Include="script\core\type\dynamic\list\.h">
      <Filter>Файлы заголовков</Filter>
    </ClInclude>
    <ClInclude Include="script\core\type\dynamic\string\.h">
      <Filter>Файлы заголовков</Filter>
    </ClInclude>
    <ClInclude Include="script\core\macros\.h">
      <Filter>Файлы заголовков</Filter>
    </ClInclude>
    <ClInclude Include="script\core\macros\foreach.h">
      <Filter>Файлы заголовков</Filter>
    </ClInclude>
    <ClInclude Include="script\math\complex.h">
      <Filter>Файлы заголовков</Filter>
    </ClInclude>
    <ClInclude Include="script\core\type\static\logic\.h">
      <Filter>Файлы заголовков</Filter>
    </ClInclude>
    <ClInclude Include="script\core\type\static\logic\logic.h">
      <Filter>Файлы заголовков</Filter>
    </ClInclude>
    <ClInclude Include="script\core\type\dynamic\string\string.h">
      <Filter>Файлы заголовков</Filter>
    </ClInclude>
    <ClInclude Include="script\math\range.h">
      <Filter>Файлы заголовков</Filter>
    </ClInclude>
    <ClInclude Include="script\io\.h">
      <Filter>Файлы заголовков</Filter>
    </ClInclude>
    <ClInclude Include="script\io\console\.h">
      <Filter>Файлы заголовков</Filter>
    </ClInclude>
    <ClInclude Include="script\io\console\console.h">
      <Filter>Файлы заголовков</Filter>
    </ClInclude>
    <ClInclude Include="script\math\graph\.h">
      <Filter>Файлы заголовков</Filter>
    </ClInclude>
    <ClInclude Include="script\math\graph\polar\.h">
      <Filter>Файлы заголовков</Filter>
    </ClInclude>
    <ClInclude Include="script\math\graph\polar\graph_polar.h">
      <Filter>Файлы заголовков</Filter>
    </ClInclude>
    <ClInclude Include="script\io\stream.h">
      <Filter>Файлы заголовков</Filter>
    </ClInclude>
    <ClInclude Include="script\io\document\.h">
      <Filter>Файлы заголовков</Filter>
    </ClInclude>
    <ClInclude Include="script\svg\.h">
      <Filter>Файлы заголовков</Filter>
    </ClInclude>
    <ClInclude Include="script\svg\svg_element.h">
      <Filter>Файлы заголовков</Filter>
    </ClInclude>
    <ClInclude Include="script\io\document\document.h">
      <Filter>Файлы заголовков</Filter>
    </ClInclude>
  </ItemGroup>
  <ItemGroup>
    <ClCompile Include="example\debug\main.cpp">
      <Filter>Исходные файлы</Filter>
    </ClCompile>
  </ItemGroup>
</Project>